
Microsoft Visual Studio Solution File, Format Version 12.00
# Visual Studio Version 16
VisualStudioVersion = 16.0.29905.134
MinimumVisualStudioVersion = 10.0.40219.1
Project("{FAE04EC0-301F-11D3-BF4B-00C04F79EFBC}") = "Stop sleeping", "Stop sleeping\Stop sleeping.csproj", "{F129B286-07E4-4E91-B2B1-80A1ABE7265E}"
EndProject
Global
	GlobalSection(SolutionConfigurationPlatforms) = preSolution
		Debug|Any CPU = Debug|Any CPU
		Release|Any CPU = Release|Any CPU
	EndGlobalSection
	GlobalSection(ProjectConfigurationPlatforms) = postSolution
		{F129B286-07E4-4E91-B2B1-80A1ABE7265E}.Debug|Any CPU.ActiveCfg = Debug|Any CPU
		{F129B286-07E4-4E91-B2B1-80A1ABE7265E}.Debug|Any CPU.Build.0 = Debug|Any CPU
		{F129B286-07E4-4E91-B2B1-80A1ABE7265E}.Release|Any CPU.ActiveCfg = Release|Any CPU
		{F129B286-07E4-4E91-B2B1-80A1ABE7265E}.Release|Any CPU.Build.0 = Release|Any CPU
	EndGlobalSection
	GlobalSection(SolutionProperties) = preSolution
		HideSolutionNode = FALSE
	EndGlobalSection
	GlobalSection(ExtensibilityGlobals) = postSolution
		SolutionGuid = {BC937CB7-4E71-4BA0-9981-1D7E823BAF2D}
	EndGlobalSection
EndGlobal
